
Microsoft Visual Studio Solution File, Format Version 12.00
# Visual Studio Version 17
VisualStudioVersion = 17.5.33530.505
MinimumVisualStudioVersion = 10.0.40219.1
Project("{FAE04EC0-301F-11D3-BF4B-00C04F79EFBC}") = "ATMBank", "ATMBank.csproj", "{2E56EB67-8139-486F-B5AB-E2C04D134ECA}"
EndProject
Project("{2150E333-8FDC-42A3-9474-1A3956D46DE8}") = "Itens de Solução", "Itens de Solução", "{A9BAB05F-34F3-4338-A2E2-7F9FB0F02105}"
	ProjectSection(SolutionItems) = preProject
		Client.cs = Client.cs
	EndProjectSection
EndProject
Global
	GlobalSection(SolutionConfigurationPlatforms) = preSolution
		Debug|Any CPU = Debug|Any CPU
		Release|Any CPU = Release|Any CPU
	EndGlobalSection
	GlobalSection(ProjectConfigurationPlatforms) = postSolution
		{2E56EB67-8139-486F-B5AB-E2C04D134ECA}.Debug|Any CPU.ActiveCfg = Debug|Any CPU
		{2E56EB67-8139-486F-B5AB-E2C04D134ECA}.Debug|Any CPU.Build.0 = Debug|Any CPU
		{2E56EB67-8139-486F-B5AB-E2C04D134ECA}.Release|Any CPU.ActiveCfg = Release|Any CPU
		{2E56EB67-8139-486F-B5AB-E2C04D134ECA}.Release|Any CPU.Build.0 = Release|Any CPU
	EndGlobalSection
	GlobalSection(SolutionProperties) = preSolution
		HideSolutionNode = FALSE
	EndGlobalSection
	GlobalSection(ExtensibilityGlobals) = postSolution
		SolutionGuid = {70C74997-9FD0-4308-BE0A-B31A8D017968}
	EndGlobalSection
EndGlobal
